hash: b545e7f382301e4cf161323937e4d863ff5c20013838653422abec4ced2f8865
updated: 2017-10-17T05:34:05.668672563+03:00
imports:
- name: github.com/go-redis/redis
  version: 35248155a505a84811be81a2aab1c423317447be
  subpackages:
  - internal
  - internal/consistenthash
  - internal/hashtag
  - internal/pool
  - internal/proto
testImports:
- name: github.com/davecgh/go-spew
  version: 6d212800a42e8ab5c146b8ace3490ee17e5225f9
  subpackages:
  - spew
- name: github.com/pmezard/go-difflib
  version: d8ed2627bdf02c080bf22230dbb337003b7aba2d
  subpackages:
  - difflib
- name: github.com/stretchr/testify
  version: 69483b4bd14f5845b5a1e55bca19e954e827f1d0
  subpackages:
  - assert
